
Microsoft Visual Studio Solution File, Format Version 12.00
# Visual Studio Version 17
VisualStudioVersion = 17.3.32922.545
MinimumVisualStudioVersion = 10.0.40219.1
Project("{FAE04EC0-301F-11D3-BF4B-00C04F79EFBC}") = "StockVille-backend", "StockVille-backend.csproj", "{2C3E160D-C4F9-4CC1-9E20-5B9EC47B4A99}"
EndProject
Global
	GlobalSection(SolutionConfigurationPlatforms) = preSolution
		Debug|Any CPU = Debug|Any CPU
		Release|Any CPU = Release|Any CPU
	EndGlobalSection
	GlobalSection(ProjectConfigurationPlatforms) = postSolution
		{2C3E160D-C4F9-4CC1-9E20-5B9EC47B4A99}.Debug|Any CPU.ActiveCfg = Debug|Any CPU
		{2C3E160D-C4F9-4CC1-9E20-5B9EC47B4A99}.Debug|Any CPU.Build.0 = Debug|Any CPU
		{2C3E160D-C4F9-4CC1-9E20-5B9EC47B4A99}.Release|Any CPU.ActiveCfg = Release|Any CPU
		{2C3E160D-C4F9-4CC1-9E20-5B9EC47B4A99}.Release|Any CPU.Build.0 = Release|Any CPU
	EndGlobalSection
	GlobalSection(SolutionProperties) = preSolution
		HideSolutionNode = FALSE
	EndGlobalSection
	GlobalSection(ExtensibilityGlobals) = postSolution
		SolutionGuid = {F24049B9-3C89-43E5-9839-39422904A93F}
	EndGlobalSection
EndGlobal
