
Microsoft Visual Studio Solution File, Format Version 12.00
# Visual Studio Version 17
VisualStudioVersion = 17.3.32922.545
MinimumVisualStudioVersion = 10.0.40219.1
Project("{9A19103F-16F7-4668-BE54-9A1E7A4F7556}") = "StockVille-backend", "StockVille-backend.csproj", "{005BD701-BD78-4C06-8CF9-3E8E0AC292A1}"
EndProject
Global
	GlobalSection(SolutionConfigurationPlatforms) = preSolution
		Debug|Any CPU = Debug|Any CPU
		Release|Any CPU = Release|Any CPU
	EndGlobalSection
	GlobalSection(ProjectConfigurationPlatforms) = postSolution
		{005BD701-BD78-4C06-8CF9-3E8E0AC292A1}.Debug|Any CPU.ActiveCfg = Debug|Any CPU
		{005BD701-BD78-4C06-8CF9-3E8E0AC292A1}.Debug|Any CPU.Build.0 = Debug|Any CPU
		{005BD701-BD78-4C06-8CF9-3E8E0AC292A1}.Release|Any CPU.ActiveCfg = Release|Any CPU
		{005BD701-BD78-4C06-8CF9-3E8E0AC292A1}.Release|Any CPU.Build.0 = Release|Any CPU
	EndGlobalSection
	GlobalSection(SolutionProperties) = preSolution
		HideSolutionNode = FALSE
	EndGlobalSection
	GlobalSection(ExtensibilityGlobals) = postSolution
		SolutionGuid = {E0A618B1-0C31-487C-8CEF-03043229F8A1}
	EndGlobalSection
EndGlobal
